// !$*UTF8*$!
{
	archiveVersion = 1;
	classes = {
	};
	objectVersion = 50;
	objects = {

/* Begin PBXBuildFile section */
		3F170A6526B06D3E000DA1C5 /* AppDelegate.swift in Sources */ = {isa = PBXBuildFile; fileRef = 3F170A6426B06D3E000DA1C5 /* AppDelegate.swift */; };
		3F170A6726B06D3E000DA1C5 /* SceneDelegate.swift in Sources */ = {isa = PBXBuildFile; fileRef = 3F170A6626B06D3E000DA1C5 /* SceneDelegate.swift */; };
		3F170A6926B06D3E000DA1C5 /* ViewController.swift in Sources */ = {isa = PBXBuildFile; fileRef = 3F170A6826B06D3E000DA1C5 /* ViewController.swift */; };
		3F170A6C26B06D3E000DA1C5 /* Main.storyboard in Resources */ = {isa = PBXBuildFile; fileRef = 3F170A6A26B06D3E000DA1C5 /* Main.storyboard */; };
		3F170A6E26B06D41000DA1C5 /* Assets.xcassets in Resources */ = {isa = PBXBuildFile; fileRef = 3F170A6D26B06D41000DA1C5 /* Assets.xcassets */; };
		3F170A7126B06D41000DA1C5 /* LaunchScreen.storyboard in Resources */ = {isa = PBXBuildFile; fileRef = 3F170A6F26B06D41000DA1C5 /* LaunchScreen.storyboard */; };
		3F170A7C26B06D41000DA1C5 /* Mariyah_A_TableViewExerciseTests.swift in Sources */ = {isa = PBXBuildFile; fileRef = 3F170A7B26B06D41000DA1C5 /* Mariyah_A_TableViewExerciseTests.swift */; };
		3F170A8726B06D41000DA1C5 /* Mariyah_A_TableViewExerciseUITests.swift in Sources */ = {isa = PBXBuildFile; fileRef = 3F170A8626B06D41000DA1C5 /* Mariyah_A_TableViewExerciseUITests.swift */; };
/* End PBXBuildFile section */

/* Begin PBXContainerItemProxy section */
		3F170A7826B06D41000DA1C5 /* PBXContainerItemProxy */ = {
			isa = PBXContainerItemProxy;
			containerPortal = 3F170A5926B06D3E000DA1C5 /* Project object */;
			proxyType = 1;
			remoteGlobalIDString = 3F170A6026B06D3E000DA1C5;
			remoteInfo = Mariyah_A_TableViewExercise;
		};
		3F170A8326B06D41000DA1C5 /* PBXContainerItemProxy */ = {
			isa = PBXContainerItemProxy;
			containerPortal = 3F170A5926B06D3E000DA1C5 /* Project object */;
			proxyType = 1;
			remoteGlobalIDString = 3F170A6026B06D3E000DA1C5;
			remoteInfo = Mariyah_A_TableViewExercise;
		};
/* End PBXContainerItemProxy section */

/* Begin PBXFileReference section */
		3F170A6126B06D3E000DA1C5 /* Mariyah_A_TableViewExercise.app */ = {isa = PBXFileReference; explicitFileType = wrapper.application; includeInIndex = 0; path = Mariyah_A_TableViewExercise.app; sourceTree = BUILT_PRODUCTS_DIR; };
		3F170A6426B06D3E000DA1C5 /* AppDelegate.swift */ = {isa = PBXFileReference; lastKnownFileType = sourcecode.swift; path = AppDelegate.swift; sourceTree = "<group>"; };
		3F170A6626B06D3E000DA1C5 /* SceneDelegate.swift */ = {isa = PBXFileReference; lastKnownFileType = sourcecode.swift; path = SceneDelegate.swift; sourceTree = "<group>"; };
		3F170A6826B06D3E000DA1C5 /* ViewController.swift */ = {isa = PBXFileReference; lastKnownFileType = sourcecode.swift; path = ViewController.swift; sourceTree = "<group>"; };
		3F170A6B26B06D3E000DA1C5 /* Base */ = {isa = PBXFileReference; lastKnownFileType = file.storyboard; name = Base; path = Base.lproj/Main.storyboard; sourceTree = "<group>"; };
		3F170A6D26B06D41000DA1C5 /* Assets.xcassets */ = {isa = PBXFileReference; lastKnownFileType = folder.assetcatalog; path = Assets.xcassets; sourceTree = "<group>"; };
		3F170A7026B06D41000DA1C5 /* Base */ = {isa = PBXFileReference; lastKnownFileType = file.storyboard; name = Base; path = Base.lproj/LaunchScreen.storyboard; sourceTree = "<group>"; };
		3F170A7226B06D41000DA1C5 /* Info.plist */ = {isa = PBXFileReference; lastKnownFileType = text.plist.xml; path = Info.plist; sourceTree = "<group>"; };
		3F170A7726B06D41000DA1C5 /* Mariyah_A_TableViewExerciseTests.xctest */ = {isa = PBXFileReference; explicitFileType = wrapper.cfbundle; includeInIndex = 0; path = Mariyah_A_TableViewExerciseTests.xctest; sourceTree = BUILT_PRODUCTS_DIR; };
		3F170A7B26B06D41000DA1C5 /* Mariyah_A_TableViewExerciseTests.swift */ = {isa = PBXFileReference; lastKnownFileType = sourcecode.swift; path = Mariyah_A_TableViewExerciseTests.swift; sourceTree = "<group>"; };
		3F170A7D26B06D41000DA1C5 /* Info.plist */ = {isa = PBXFileReference; lastKnownFileType = text.plist.xml; path = Info.plist; sourceTree = "<group>"; };
		3F170A8226B06D41000DA1C5 /* Mariyah_A_TableViewExerciseUITests.xctest */ = {isa = PBXFileReference; explicitFileType = wrapper.cfbundle; includeInIndex = 0; path = Mariyah_A_TableViewExerciseUITests.xctest; sourceTree = BUILT_PRODUCTS_DIR; };
		3F170A8626B06D41000DA1C5 /* Mariyah_A_TableViewExerciseUITests.swift */ = {isa = PBXFileReference; lastKnownFileType = sourcecode.swift; path = Mariyah_A_TableViewExerciseUITests.swift; sourceTree = "<group>"; };
		3F170A8826B06D41000DA1C5 /* Info.plist */ = {isa = PBXFileReference; lastKnownFileType = text.plist.xml; path = Info.plist; sourceTree = "<group>"; };
/* End PBXFileReference section */

/* Begin PBXFrameworksBuildPhase section */
		3F170A5E26B06D3E000DA1C5 /* Frameworks */ = {
			isa = PBXFrameworksBuildPhase;
			buildActionMask = 2147483647;
			files = (
			);
			runOnlyForDeploymentPostprocessing = 0;
		};
		3F170A7426B06D41000DA1C5 /* Frameworks */ = {
			isa = PBXFrameworksBuildPhase;
			buildActionMask = 2147483647;
			files = (
			);
			runOnlyForDeploymentPostprocessing = 0;
		};
		3F170A7F26B06D41000DA1C5 /* Frameworks */ = {
			isa = PBXFrameworksBuildPhase;
			buildActionMask = 2147483647;
			files = (
			);
			runOnlyForDeploymentPostprocessing = 0;
		};
/* End PBXFrameworksBuildPhase section */

/* Begin PBXGroup section */
		3F170A5826B06D3E000DA1C5 = {
			isa = PBXGroup;
			children = (
				3F170A6326B06D3E000DA1C5 /* Mariyah_A_TableViewExercise */,
				3F170A7A26B06D41000DA1C5 /* Mariyah_A_TableViewExerciseTests */,
				3F170A8526B06D41000DA1C5 /* Mariyah_A_TableViewExerciseUITests */,
				3F170A6226B06D3E000DA1C5 /* Products */,
			);
			sourceTree = "<group>";
		};
		3F170A6226B06D3E000DA1C5 /* Products */ = {
			isa = PBXGroup;
			children = (
				3F170A6126B06D3E000DA1C5 /* Mariyah_A_TableViewExercise.app */,
				3F170A7726B06D41000DA1C5 /* Mariyah_A_TableViewExerciseTests.xctest */,
				3F170A8226B06D41000DA1C5 /* Mariyah_A_TableViewExerciseUITests.xctest */,
			);
			name = Products;
			sourceTree = "<group>";
		};
		3F170A6326B06D3E000DA1C5 /* Mariyah_A_TableViewExercise */ = {
			isa = PBXGroup;
			children = (
				3F170A6426B06D3E000DA1C5 /* AppDelegate.swift */,
				3F170A6626B06D3E000DA1C5 /* SceneDelegate.swift */,
				3F170A6826B06D3E000DA1C5 /* ViewController.swift */,
				3F170A6A26B06D3E000DA1C5 /* Main.storyboard */,
				3F170A6D26B06D41000DA1C5 /* Assets.xcassets */,
				3F170A6F26B06D41000DA1C5 /* LaunchScreen.storyboard */,
				3F170A7226B06D41000DA1C5 /* Info.plist */,
			);
			path = Mariyah_A_TableViewExercise;
			sourceTree = "<group>";
		};
		3F170A7A26B06D41000DA1C5 /* Mariyah_A_TableViewExerciseTests */ = {
			isa = PBXGroup;
			children = (
				3F170A7B26B06D41000DA1C5 /* Mariyah_A_TableViewExerciseTests.swift */,
				3F170A7D26B06D41000DA1C5 /* Info.plist */,
			);
			path = Mariyah_A_TableViewExerciseTests;
			sourceTree = "<group>";
		};
		3F170A8526B06D41000DA1C5 /* Mariyah_A_TableViewExerciseUITests */ = {
			isa = PBXGroup;
			children = (
				3F170A8626B06D41000DA1C5 /* Mariyah_A_TableViewExerciseUITests.swift */,
				3F170A8826B06D41000DA1C5 /* Info.plist */,
			);
			path = Mariyah_A_TableViewExerciseUITests;
			sourceTree = "<group>";
		};
/* End PBXGroup section */

/* Begin PBXNativeTarget section */
		3F170A6026B06D3E000DA1C5 /* Mariyah_A_TableViewExercise */ = {
			isa = PBXNativeTarget;
			buildConfigurationList = 3F170A8B26B06D41000DA1C5 /* Build configuration list for PBXNativeTarget "Mariyah_A_TableViewExercise" */;
			buildPhases = (
				3F170A5D26B06D3E000DA1C5 /* Sources */,
				3F170A5E26B06D3E000DA1C5 /* Frameworks */,
				3F170A5F26B06D3E000DA1C5 /* Resources */,
			);
			buildRules = (
			);
			dependencies = (
			);
			name = Mariyah_A_TableViewExercise;
			productName = Mariyah_A_TableViewExercise;
			productReference = 3F170A6126B06D3E000DA1C5 /* Mariyah_A_TableViewExercise.app */;
			productType = "com.apple.product-type.application";
		};
		3F170A7626B06D41000DA1C5 /* Mariyah_A_TableViewExerciseTests */ = {
			isa = PBXNativeTarget;
			buildConfigurationList = 3F170A8E26B06D41000DA1C5 /* Build configuration list for PBXNativeTarget "Mariyah_A_TableViewExerciseTests" */;
			buildPhases = (
				3F170A7326B06D41000DA1C5 /* Sources */,
				3F170A7426B06D41000DA1C5 /* Frameworks */,
				3F170A7526B06D41000DA1C5 /* Resources */,
			);
			buildRules = (
			);
			dependencies = (
				3F170A7926B06D41000DA1C5 /* PBXTargetDependency */,
			);
			name = Mariyah_A_TableViewExerciseTests;
			productName = Mariyah_A_TableViewExerciseTests;
			productReference = 3F170A7726B06D41000DA1C5 /* Mariyah_A_TableViewExerciseTests.xctest */;
			productType = "com.apple.product-type.bundle.unit-test";
		};
		3F170A8126B06D41000DA1C5 /* Mariyah_A_TableViewExerciseUITests */ = {
			isa = PBXNativeTarget;
			buildConfigurationList = 3F170A9126B06D41000DA1C5 /* Build configuration list for PBXNativeTarget "Mariyah_A_TableViewExerciseUITests" */;
			buildPhases = (
				3F170A7E26B06D41000DA1C5 /* Sources */,
				3F170A7F26B06D41000DA1C5 /* Frameworks */,
				3F170A8026B06D41000DA1C5 /* Resources */,
			);
			buildRules = (
			);
			dependencies = (
				3F170A8426B06D41000DA1C5 /* PBXTargetDependency */,
			);
			name = Mariyah_A_TableViewExerciseUITests;
			productName = Mariyah_A_TableViewExerciseUITests;
			productReference = 3F170A8226B06D41000DA1C5 /* Mariyah_A_TableViewExerciseUITests.xctest */;
			productType = "com.apple.product-type.bundle.ui-testing";
		};
/* End PBXNativeTarget section */

/* Begin PBXProject section */
		3F170A5926B06D3E000DA1C5 /* Project object */ = {
			isa = PBXProject;
			attributes = {
				LastSwiftUpdateCheck = 1250;
				LastUpgradeCheck = 1250;
				TargetAttributes = {
					3F170A6026B06D3E000DA1C5 = {
						CreatedOnToolsVersion = 12.5;
					};
					3F170A7626B06D41000DA1C5 = {
						CreatedOnToolsVersion = 12.5;
						TestTargetID = 3F170A6026B06D3E000DA1C5;
					};
					3F170A8126B06D41000DA1C5 = {
						CreatedOnToolsVersion = 12.5;
						TestTargetID = 3F170A6026B06D3E000DA1C5;
					};
				};
			};
			buildConfigurationList = 3F170A5C26B06D3E000DA1C5 /* Build configuration list for PBXProject "Mariyah_A_TableViewExercise" */;
			compatibilityVersion = "Xcode 9.3";
			developmentRegion = en;
			hasScannedForEncodings = 0;
			knownRegions = (
				en,
				Base,
			);
			mainGroup = 3F170A5826B06D3E000DA1C5;
			productRefGroup = 3F170A6226B06D3E000DA1C5 /* Products */;
			projectDirPath = "";
			projectRoot = "";
			targets = (
				3F170A6026B06D3E000DA1C5 /* Mariyah_A_TableViewExercise */,
				3F170A7626B06D41000DA1C5 /* Mariyah_A_TableViewExerciseTests */,
				3F170A8126B06D41000DA1C5 /* Mariyah_A_TableViewExerciseUITests */,
			);
		};
/* End PBXProject section */

/* Begin PBXResourcesBuildPhase section */
		3F170A5F26B06D3E000DA1C5 /* Resources */ = {
			isa = PBXResourcesBuildPhase;
			buildActionMask = 2147483647;
			files = (
				3F170A7126B06D41000DA1C5 /* LaunchScreen.storyboard in Resources */,
				3F170A6E26B06D41000DA1C5 /* Assets.xcassets in Resources */,
				3F170A6C26B06D3E000DA1C5 /* Main.storyboard in Resources */,
			);
			runOnlyForDeploymentPostprocessing = 0;
		};
		3F170A7526B06D41000DA1C5 /* Resources */ = {
			isa = PBXResourcesBuildPhase;
			buildActionMask = 2147483647;
			files = (
			);
			runOnlyForDeploymentPostprocessing = 0;
		};
		3F170A8026B06D41000DA1C5 /* Resources */ = {
			isa = PBXResourcesBuildPhase;
			buildActionMask = 2147483647;
			files = (
			);
			runOnlyForDeploymentPostprocessing = 0;
		};
/* End PBXResourcesBuildPhase section */

/* Begin PBXSourcesBuildPhase section */
		3F170A5D26B06D3E000DA1C5 /* Sources */ = {
			isa = PBXSourcesBuildPhase;
			buildActionMask = 2147483647;
			files = (
				3F170A6926B06D3E000DA1C5 /* ViewController.swift in Sources */,
				3F170A6526B06D3E000DA1C5 /* AppDelegate.swift in Sources */,
				3F170A6726B06D3E000DA1C5 /* SceneDelegate.swift in Sources */,
			);
			runOnlyForDeploymentPostprocessing = 0;
		};
		3F170A7326B06D41000DA1C5 /* Sources */ = {
			isa = PBXSourcesBuildPhase;
			buildActionMask = 2147483647;
			files = (
				3F170A7C26B06D41000DA1C5 /* Mariyah_A_TableViewExerciseTests.swift in Sources */,
			);
			runOnlyForDeploymentPostprocessing = 0;
		};
		3F170A7E26B06D41000DA1C5 /* Sources */ = {
			isa = PBXSourcesBuildPhase;
			buildActionMask = 2147483647;
			files = (
				3F170A8726B06D41000DA1C5 /* Mariyah_A_TableViewExerciseUITests.swift in Sources */,
			);
			runOnlyForDeploymentPostprocessing = 0;
		};
/* End PBXSourcesBuildPhase section */

/* Begin PBXTargetDependency section */
		3F170A7926B06D41000DA1C5 /* PBXTargetDependency */ = {
			isa = PBXTargetDependency;
			target = 3F170A6026B06D3E000DA1C5 /* Mariyah_A_TableViewExercise */;
			targetProxy = 3F170A7826B06D41000DA1C5 /* PBXContainerItemProxy */;
		};
		3F170A8426B06D41000DA1C5 /* PBXTargetDependency */ = {
			isa = PBXTargetDependency;
			target = 3F170A6026B06D3E000DA1C5 /* Mariyah_A_TableViewExercise */;
			targetProxy = 3F170A8326B06D41000DA1C5 /* PBXContainerItemProxy */;
		};
/* End PBXTargetDependency section */

/* Begin PBXVariantGroup section */
		3F170A6A26B06D3E000DA1C5 /* Main.storyboard */ = {
			isa = PBXVariantGroup;
			children = (
				3F170A6B26B06D3E000DA1C5 /* Base */,
			);
			name = Main.storyboard;
			sourceTree = "<group>";
		};
		3F170A6F26B06D41000DA1C5 /* LaunchScreen.storyboard */ = {
			isa = PBXVariantGroup;
			children = (
				3F170A7026B06D41000DA1C5 /* Base */,
			);
			name = LaunchScreen.storyboard;
			sourceTree = "<group>";
		};
/* End PBXVariantGroup section */

/* Begin XCBuildConfiguration section */
		3F170A8926B06D41000DA1C5 /* Debug */ = {
			isa = XCBuildConfiguration;
			buildSettings = {
				ALWAYS_SEARCH_USER_PATHS = NO;
				CLANG_ANALYZER_NONNULL = YES;
				CLANG_ANALYZER_NUMBER_OBJECT_CONVERSION = YES_AGGRESSIVE;
				CLANG_CXX_LANGUAGE_STANDARD = "gnu++14";
				CLANG_CXX_LIBRARY = "libc++";
				CLANG_ENABLE_MODULES = YES;
				CLANG_ENABLE_OBJC_ARC = YES;
				CLANG_ENABLE_OBJC_WEAK = YES;
				CLANG_WARN_BLOCK_CAPTURE_AUTORELEASING = YES;
				CLANG_WARN_BOOL_CONVERSION = YES;
				CLANG_WARN_COMMA = YES;
				CLANG_WARN_CONSTANT_CONVERSION = YES;
				CLANG_WARN_DEPRECATED_OBJC_IMPLEMENTATIONS = YES;
				CLANG_WARN_DIRECT_OBJC_ISA_USAGE = YES_ERROR;
				CLANG_WARN_DOCUMENTATION_COMMENTS = YES;
				CLANG_WARN_EMPTY_BODY = YES;
				CLANG_WARN_ENUM_CONVERSION = YES;
				CLANG_WARN_INFINITE_RECURSION = YES;
				CLANG_WARN_INT_CONVERSION = YES;
				CLANG_WARN_NON_LITERAL_NULL_CONVERSION = YES;
				CLANG_WARN_OBJC_IMPLICIT_RETAIN_SELF = YES;
				CLANG_WARN_OBJC_LITERAL_CONVERSION = YES;
				CLANG_WARN_OBJC_ROOT_CLASS = YES_ERROR;
				CLANG_WARN_QUOTED_INCLUDE_IN_FRAMEWORK_HEADER = YES;
				CLANG_WARN_RANGE_LOOP_ANALYSIS = YES;
				CLANG_WARN_STRICT_PROTOTYPES = YES;
				CLANG_WARN_SUSPICIOUS_MOVE = YES;
				CLANG_WARN_UNGUARDED_AVAILABILITY = YES_AGGRESSIVE;
				CLANG_WARN_UNREACHABLE_CODE = YES;
				CLANG_WARN__DUPLICATE_METHOD_MATCH = YES;
				COPY_PHASE_STRIP = NO;
				DEBUG_INFORMATION_FORMAT = dwarf;
				ENABLE_STRICT_OBJC_MSGSEND = YES;
				ENABLE_TESTABILITY = YES;
				GCC_C_LANGUAGE_STANDARD = gnu11;
				GCC_DYNAMIC_NO_PIC = NO;
				GCC_NO_COMMON_BLOCKS = YES;
				GCC_OPTIMIZATION_LEVEL = 0;
				GCC_PREPROCESSOR_DEFINITIONS = (
					"DEBUG=1",
					"$(inherited)",
				);
				GCC_WARN_64_TO_32_BIT_CONVERSION = YES;
				GCC_WARN_ABOUT_RETURN_TYPE = YES_ERROR;
				GCC_WARN_UNDECLARED_SELECTOR = YES;
				GCC_WARN_UNINITIALIZED_AUTOS = YES_AGGRESSIVE;
				GCC_WARN_UNUSED_FUNCTION = YES;
				GCC_WARN_UNUSED_VARIABLE = YES;
				IPHONEOS_DEPLOYMENT_TARGET = 14.5;
				MTL_ENABLE_DEBUG_INFO = INCLUDE_SOURCE;
				MTL_FAST_MATH = YES;
				ONLY_ACTIVE_ARCH = YES;
				SDKROOT = iphoneos;
				SWIFT_ACTIVE_COMPILATION_CONDITIONS = DEBUG;
				SWIFT_OPTIMIZATION_LEVEL = "-Onone";
			};
			name = Debug;
		};
		3F170A8A26B06D41000DA1C5 /* Release */ = {
			isa = XCBuildConfiguration;
			buildSettings = {
				ALWAYS_SEARCH_USER_PATHS = NO;
				CLANG_ANALYZER_NONNULL = YES;
				CLANG_ANALYZER_NUMBER_OBJECT_CONVERSION = YES_AGGRESSIVE;
				CLANG_CXX_LANGUAGE_STANDARD = "gnu++14";
				CLANG_CXX_LIBRARY = "libc++";
				CLANG_ENABLE_MODULES = YES;
				CLANG_ENABLE_OBJC_ARC = YES;
				CLANG_ENABLE_OBJC_WEAK = YES;
				CLANG_WARN_BLOCK_CAPTURE_AUTORELEASING = YES;
				CLANG_WARN_BOOL_CONVERSION = YES;
				CLANG_WARN_COMMA = YES;
				CLANG_WARN_CONSTANT_CONVERSION = YES;
				CLANG_WARN_DEPRECATED_OBJC_IMPLEMENTATIONS = YES;
				CLANG_WARN_DIRECT_OBJC_ISA_USAGE = YES_ERROR;
				CLANG_WARN_DOCUMENTATION_COMMENTS = YES;
				CLANG_WARN_EMPTY_BODY = YES;
				CLANG_WARN_ENUM_CONVERSION = YES;
				CLANG_WARN_INFINITE_RECURSION = YES;
				CLANG_WARN_INT_CONVERSION = YES;
				CLANG_WARN_NON_LITERAL_NULL_CONVERSION = YES;
				CLANG_WARN_OBJC_IMPLICIT_RETAIN_SELF = YES;
				CLANG_WARN_OBJC_LITERAL_CONVERSION = YES;
				CLANG_WARN_OBJC_ROOT_CLASS = YES_ERROR;
				CLANG_WARN_QUOTED_INCLUDE_IN_FRAMEWORK_HEADER = YES;
				CLANG_WARN_RANGE_LOOP_ANALYSIS = YES;
				CLANG_WARN_STRICT_PROTOTYPES = YES;
				CLANG_WARN_SUSPICIOUS_MOVE = YES;
				CLANG_WARN_UNGUARDED_AVAILABILITY = YES_AGGRESSIVE;
				CLANG_WARN_UNREACHABLE_CODE = YES;
				CLANG_WARN__DUPLICATE_METHOD_MATCH = YES;
				COPY_PHASE_STRIP = NO;
				DEBUG_INFORMATION_FORMAT = "dwarf-with-dsym";
				ENABLE_NS_ASSERTIONS = NO;
				ENABLE_STRICT_OBJC_MSGSEND = YES;
				GCC_C_LANGUAGE_STANDARD = gnu11;
				GCC_NO_COMMON_BLOCKS = YES;
				GCC_WARN_64_TO_32_BIT_CONVERSION = YES;
				GCC_WARN_ABOUT_RETURN_TYPE = YES_ERROR;
				GCC_WARN_UNDECLARED_SELECTOR = YES;
				GCC_WARN_UNINITIALIZED_AUTOS = YES_AGGRESSIVE;
				GCC_WARN_UNUSED_FUNCTION = YES;
				GCC_WARN_UNUSED_VARIABLE = YES;
				IPHONEOS_DEPLOYMENT_TARGET = 14.5;
				MTL_ENABLE_DEBUG_INFO = NO;
				MTL_FAST_MATH = YES;
				SDKROOT = iphoneos;
				SWIFT_COMPILATION_MODE = wholemodule;
				SWIFT_OPTIMIZATION_LEVEL = "-O";
				VALIDATE_PRODUCT = YES;
			};
			name = Release;
		};
		3F170A8C26B06D41000DA1C5 /* Debug */ = {
			isa = XCBuildConfiguration;
			buildSettings = {
				ASSETCATALOG_COMPILER_APPICON_NAME = AppIcon;
				ASSETCATALOG_COMPILER_GLOBAL_ACCENT_COLOR_NAME = AccentColor;
				CODE_SIGN_STYLE = Automatic;
				INFOPLIST_FILE = Mariyah_A_TableViewExercise/Info.plist;
				LD_RUNPATH_SEARCH_PATHS = (
					"$(inherited)",
					"@executable_path/Frameworks",
				);
				PRODUCT_BUNDLE_IDENTIFIER = "hi.Mariyah-A-TableViewExercise";
				PRODUCT_NAME = "$(TARGET_NAME)";
				SWIFT_VERSION = 5.0;
				TARGETED_DEVICE_FAMILY = "1,2";
			};
			name = Debug;
		};
		3F170A8D26B06D41000DA1C5 /* Release */ = {
			isa = XCBuildConfiguration;
			buildSettings = {
				ASSETCATALOG_COMPILER_APPICON_NAME = AppIcon;
				ASSETCATALOG_COMPILER_GLOBAL_ACCENT_COLOR_NAME = AccentColor;
				CODE_SIGN_STYLE = Automatic;
				INFOPLIST_FILE = Mariyah_A_TableViewExercise/Info.plist;
				LD_RUNPATH_SEARCH_PATHS = (
					"$(inherited)",
					"@executable_path/Frameworks",
				);
				PRODUCT_BUNDLE_IDENTIFIER = "hi.Mariyah-A-TableViewExercise";
				PRODUCT_NAME = "$(TARGET_NAME)";
				SWIFT_VERSION = 5.0;
				TARGETED_DEVICE_FAMILY = "1,2";
			};
			name = Release;
		};
		3F170A8F26B06D41000DA1C5 /* Debug */ = {
			isa = XCBuildConfiguration;
			buildSettings = {
				ALWAYS_EMBED_SWIFT_STANDARD_LIBRARIES = YES;
				BUNDLE_LOADER = "$(TEST_HOST)";
				CODE_SIGN_STYLE = Automatic;
				INFOPLIST_FILE = Mariyah_A_TableViewExerciseTests/Info.plist;
				IPHONEOS_DEPLOYMENT_TARGET = 14.5;
				LD_RUNPATH_SEARCH_PATHS = (
					"$(inherited)",
					"@executable_path/Frameworks",
					"@loader_path/Frameworks",
				);
				PRODUCT_BUNDLE_IDENTIFIER = "hi.Mariyah-A-TableViewExerciseTests";
				PRODUCT_NAME = "$(TARGET_NAME)";
				SWIFT_VERSION = 5.0;
				TARGETED_DEVICE_FAMILY = "1,2";
				TEST_HOST = "$(BUILT_PRODUCTS_DIR)/Mariyah_A_TableViewExercise.app/Mariyah_A_TableViewExercise";
			};
			name = Debug;
		};
		3F170A9026B06D41000DA1C5 /* Release */ = {
			isa = XCBuildConfiguration;
			buildSettings = {
				ALWAYS_EMBED_SWIFT_STANDARD_LIBRARIES = YES;
				BUNDLE_LOADER = "$(TEST_HOST)";
				CODE_SIGN_STYLE = Automatic;
				INFOPLIST_FILE = Mariyah_A_TableViewExerciseTests/Info.plist;
				IPHONEOS_DEPLOYMENT_TARGET = 14.5;
				LD_RUNPATH_SEARCH_PATHS = (
					"$(inherited)",
					"@executable_path/Frameworks",
					"@loader_path/Frameworks",
				);
				PRODUCT_BUNDLE_IDENTIFIER = "hi.Mariyah-A-TableViewExerciseTests";
				PRODUCT_NAME = "$(TARGET_NAME)";
				SWIFT_VERSION = 5.0;
				TARGETED_DEVICE_FAMILY = "1,2";
				TEST_HOST = "$(BUILT_PRODUCTS_DIR)/Mariyah_A_TableViewExercise.app/Mariyah_A_TableViewExercise";
			};
			name = Release;
		};
		3F170A9226B06D41000DA1C5 /* Debug */ = {
			isa = XCBuildConfiguration;
			buildSettings = {
				ALWAYS_EMBED_SWIFT_STANDARD_LIBRARIES = YES;
				CODE_SIGN_STYLE = Automatic;
				INFOPLIST_FILE = Mariyah_A_TableViewExerciseUITests/Info.plist;
				LD_RUNPATH_SEARCH_PATHS = (
					"$(inherited)",
					"@executable_path/Frameworks",
					"@loader_path/Frameworks",
				);
				PRODUCT_BUNDLE_IDENTIFIER = "hi.Mariyah-A-TableViewExerciseUITests";
				PRODUCT_NAME = "$(TARGET_NAME)";
				SWIFT_VERSION = 5.0;
				TARGETED_DEVICE_FAMILY = "1,2";
				TEST_TARGET_NAME = Mariyah_A_TableViewExercise;
			};
			name = Debug;
		};
		3F170A9326B06D41000DA1C5 /* Release */ = {
			isa = XCBuildConfiguration;
			buildSettings = {
				ALWAYS_EMBED_SWIFT_STANDARD_LIBRARIES = YES;
				CODE_SIGN_STYLE = Automatic;
				INFOPLIST_FILE = Mariyah_A_TableViewExerciseUITests/Info.plist;
				LD_RUNPATH_SEARCH_PATHS = (
					"$(inherited)",
					"@executable_path/Frameworks",
					"@loader_path/Frameworks",
				);
				PRODUCT_BUNDLE_IDENTIFIER = "hi.Mariyah-A-TableViewExerciseUITests";
				PRODUCT_NAME = "$(TARGET_NAME)";
				SWIFT_VERSION = 5.0;
				TARGETED_DEVICE_FAMILY = "1,2";
				TEST_TARGET_NAME = Mariyah_A_TableViewExercise;
			};
			name = Release;
		};
/* End XCBuildConfiguration section */

/* Begin XCConfigurationList section */
		3F170A5C26B06D3E000DA1C5 /* Build configuration list for PBXProject "Mariyah_A_TableViewExercise" */ = {
			isa = XCConfigurationList;
			buildConfigurations = (
				3F170A8926B06D41000DA1C5 /* Debug */,
				3F170A8A26B06D41000DA1C5 /* Release */,
			);
			defaultConfigurationIsVisible = 0;
			defaultConfigurationName = Release;
		};
		3F170A8B26B06D41000DA1C5 /* Build configuration list for PBXNativeTarget "Mariyah_A_TableViewExercise" */ = {
			isa = XCConfigurationList;
			buildConfigurations = (
				3F170A8C26B06D41000DA1C5 /* Debug */,
				3F170A8D26B06D41000DA1C5 /* Release */,
			);
			defaultConfigurationIsVisible = 0;
			defaultConfigurationName = Release;
		};
		3F170A8E26B06D41000DA1C5 /* Build configuration list for PBXNativeTarget "Mariyah_A_TableViewExerciseTests" */ = {
			isa = XCConfigurationList;
			buildConfigurations = (
				3F170A8F26B06D41000DA1C5 /* Debug */,
				3F170A9026B06D41000DA1C5 /* Release */,
			);
			defaultConfigurationIsVisible = 0;
			defaultConfigurationName = Release;
		};
		3F170A9126B06D41000DA1C5 /* Build configuration list for PBXNativeTarget "Mariyah_A_TableViewExerciseUITests" */ = {
			isa = XCConfigurationList;
			buildConfigurations = (
				3F170A9226B06D41000DA1C5 /* Debug */,
				3F170A9326B06D41000DA1C5 /* Release */,
			);
			defaultConfigurationIsVisible = 0;
			defaultConfigurationName = Release;
		};
/* End XCConfigurationList section */
	};
	rootObject = 3F170A5926B06D3E000DA1C5 /* Project object */;
}
